
Microsoft Visual Studio Solution File, Format Version 12.00
# Visual Studio Version 17
VisualStudioVersion = 17.4.33122.133
MinimumVisualStudioVersion = 10.0.40219.1
Project("{FAE04EC0-301F-11D3-BF4B-00C04F79EFBC}") = "OnlineShoppingWeb", "OnlineShoppingWeb\OnlineShoppingWeb.csproj", "{1F66DCB9-3B95-415E-83A6-C5A493135BD0}"
EndProject
Global
	GlobalSection(SolutionConfigurationPlatforms) = preSolution
		Debug|Any CPU = Debug|Any CPU
		Release|Any CPU = Release|Any CPU
	EndGlobalSection
	GlobalSection(ProjectConfigurationPlatforms) = postSolution
		{1F66DCB9-3B95-415E-83A6-C5A493135BD0}.Debug|Any CPU.ActiveCfg = Debug|Any CPU
		{1F66DCB9-3B95-415E-83A6-C5A493135BD0}.Debug|Any CPU.Build.0 = Debug|Any CPU
		{1F66DCB9-3B95-415E-83A6-C5A493135BD0}.Release|Any CPU.ActiveCfg = Release|Any CPU
		{1F66DCB9-3B95-415E-83A6-C5A493135BD0}.Release|Any CPU.Build.0 = Release|Any CPU
	EndGlobalSection
	GlobalSection(SolutionProperties) = preSolution
		HideSolutionNode = FALSE
	EndGlobalSection
	GlobalSection(ExtensibilityGlobals) = postSolution
		SolutionGuid = {F9EAF086-7712-44BD-B7A3-90F43E416FF4}
	EndGlobalSection
EndGlobal
